<?xml version="1.0" encoding="utf-8"?>
<Project ToolsVersion="4.0" xmlns="http://schemas.microsoft.com/developer/msbuild/2003">
  <ItemGroup>
    <Filter Include="Source Files">
      <UniqueIdentifier>{4FC737F1-C7A5-4376-A066-2A32D752A2FF}</UniqueIdentifier>
      <Extensions>cpp;c;cc;cxx;def;odl;idl;hpj;bat;asm;asmx</Extensions>
    </Filter>
    <Filter Include="Header Files">
      <UniqueIdentifier>{93995380-89BD-4b04-88EB-625FBE52EBFB}</UniqueIdentifier>
      <Extensions>h;hh;hpp;hxx;hm;inl;inc;xsd</Extensions>
    </Filter>
    <Filter Include="Resource Files">
      <UniqueIdentifier>{67DA6AB6-F800-4c08-8B7A-83BB121AAD01}</UniqueIdentifier>
      <Extensions>rc;ico;cur;bmp;dlg;rc2;rct;bin;rgs;gif;jpg;jpeg;jpe;resx;tiff;tif;png;wav;mfcribbon-ms</Extensions>
    </Filter>
  </ItemGroup>
  <ItemGroup>
    <Image Include="Resources\res\bird-04.png">
      <Filter>Resource Files</Filter>
    </Image>
    <Image Include="Resources\res\taube_front_0.png">
      <Filter>Resource Files</Filter>
    </Image>
    <Image Include="Resources\res\taube_front_1.png">
      <Filter>Resource Files</Filter>
    </Image>
    <Image Include="Resources\res\taube_front_2.png">
      <Filter>Resource Files</Filter>
    </Image>
    <Image Include="Resources\res\taube_side_0.png">
      <Filter>Resource Files</Filter>
    </Image>
    <Image Include="Resources\res\taube_side_1.png">
      <Filter>Resource Files</Filter>
    </Image>
    <Image Include="Resources\res\taube_side_2.png">
      <Filter>Resource Files</Filter>
    </Image>
  </ItemGroup>
  <ItemGroup>
    <ClInclude Include="src\Pigon.hpp">
      <Filter>Header Files</Filter>
    </ClInclude>
    <ClInclude Include="src\DEFINITIONS.h">
      <Filter>Header Files</Filter>
    </ClInclude>
    <ClInclude Include="src\States\SplashState.h">
      <Filter>Header Files</Filter>
    </ClInclude>
    <ClInclude Include="SimpleSfmlEngine\core.h">
      <Filter>Header Files</Filter>
    </ClInclude>
    <ClInclude Include="SimpleSfmlEngine\dataTypes.h">
      <Filter>Header Files</Filter>
    </ClInclude>
    <ClInclude Include="SimpleSfmlEngine\engine.h">
      <Filter>Header Files</Filter>
    </ClInclude>
    <ClInclude Include="SimpleSfmlEngine\logic.h">
      <Filter>Header Files</Filter>
    </ClInclude>
    <ClInclude Include="SimpleSfmlEngine\utils.h">
      <Filter>Header Files</Filter>
    </ClInclude>
    <ClInclude Include="SimpleSfmlEngine\core\AssetManager.h">
      <Filter>Header Files</Filter>
    </ClInclude>
    <ClInclude Include="SimpleSfmlEngine\core\Game.h">
      <Filter>Header Files</Filter>
    </ClInclude>
    <ClInclude Include="SimpleSfmlEngine\core\InputManager.h">
      <Filter>Header Files</Filter>
    </ClInclude>
    <ClInclude Include="SimpleSfmlEngine\core\State.h">
      <Filter>Header Files</Filter>
    </ClInclude>
    <ClInclude Include="SimpleSfmlEngine\core\StateMachine.h">
      <Filter>Header Files</Filter>
    </ClInclude>
  </ItemGroup>
  <ItemGroup>
    <ClCompile Include="src\main.cpp">
      <Filter>Source Files</Filter>
    </ClCompile>
    <ClCompile Include="src\States\SplashState.cpp">
      <Filter>Source Files</Filter>
    </ClCompile>
    <ClCompile Include="SimpleSfmlEngine\logic\Collision.cpp">
      <Filter>Source Files</Filter>
    </ClCompile>
    <ClCompile Include="SimpleSfmlEngine\core\Game.cpp">
      <Filter>Source Files</Filter>
    </ClCompile>
    <ClCompile Include="SimpleSfmlEngine\core\InputManager.cpp">
      <Filter>Source Files</Filter>
    </ClCompile>
    <ClCompile Include="SimpleSfmlEngine\core\StateMachine.cpp">
      <Filter>Source Files</Filter>
    </ClCompile>
    <ClCompile Include="SimpleSfmlEngine\core\AssetManager.cpp">
      <Filter>Source Files</Filter>
    </ClCompile>
    <ClCompile Include="SimpleSfmlEngine\dataTypes\Animation.h">
      <Filter>Source Files</Filter>
    </ClCompile>
    <ClCompile Include="SimpleSfmlEngine\dataTypes\clock.h">
      <Filter>Source Files</Filter>
    </ClCompile>
    <ClCompile Include="SimpleSfmlEngine\dataTypes\matrix.h">
      <Filter>Source Files</Filter>
    </ClCompile>
    <ClCompile Include="SimpleSfmlEngine\dataTypes\poolAllocator.h">
      <Filter>Source Files</Filter>
    </ClCompile>
    <ClCompile Include="SimpleSfmlEngine\dataTypes\random.h">
      <Filter>Source Files</Filter>
    </ClCompile>
    <ClCompile Include="SimpleSfmlEngine\dataTypes\stackAllocator.h">
      <Filter>Source Files</Filter>
    </ClCompile>
  </ItemGroup>
</Project>